
Microsoft Visual Studio Solution File, Format Version 12.00
# Visual Studio Version 17
VisualStudioVersion = 17.14.36811.4 d17.14
MinimumVisualStudioVersion = 10.0.40219.1
Project("{2150E333-8FDC-42A3-9474-1A3956D46DE8}") = "src", "src", "{02EA681E-C7D8-13C7-8484-4AC65E1B71E8}"
EndProject
Project("{2150E333-8FDC-42A3-9474-1A3956D46DE8}") = "API", "API", "{9EEAEC94-F8EC-4D43-8F06-94CE658BC7F3}"
EndProject
Project("{2150E333-8FDC-42A3-9474-1A3956D46DE8}") = "Infrastructure", "Infrastructure", "{E473B2AB-3087-4E0F-A06C-A449B51BFB01}"
EndProject
Project("{2150E333-8FDC-42A3-9474-1A3956D46DE8}") = "Application", "Application", "{2BCC44E3-F70A-4590-B71E-9BB6AC9700E0}"
EndProject
Project("{2150E333-8FDC-42A3-9474-1A3956D46DE8}") = "Domain", "Domain", "{B3E931FE-4D78-478A-A55A-E35BD6157AB4}"
EndProject
Project("{2150E333-8FDC-42A3-9474-1A3956D46DE8}") = "Tests", "Tests", "{106C67C5-CD80-4DA4-BE3A-73C7B77B513B}"
EndProject
Project("{FAE04EC0-301F-11D3-BF4B-00C04F79EFBC}") = "Finance.Domain", "Finance.Domain\Finance.Domain.csproj", "{21CEBF68-74AD-4137-8560-85065449F67A}"
EndProject
Project("{FAE04EC0-301F-11D3-BF4B-00C04F79EFBC}") = "Finance.Domain.Tests", "Finance.Domain.Tests\Finance.Domain.Tests.csproj", "{57A5F84C-DEAB-4515-B50F-8121ABD6C313}"
EndProject
Project("{FAE04EC0-301F-11D3-BF4B-00C04F79EFBC}") = "Finance.Application", "Finance.Application\Finance.Application.csproj", "{74B063B2-D395-40C8-9CF4-870E3D7B0333}"
EndProject
Project("{FAE04EC0-301F-11D3-BF4B-00C04F79EFBC}") = "Finance.Infrastructure", "Finance.Infrastructure\Finance.Infrastructure.csproj", "{9077E95F-B344-4CD5-98B5-86F63D266C2B}"
EndProject
Project("{FAE04EC0-301F-11D3-BF4B-00C04F79EFBC}") = "Finance.API", "Finance.API\Finance.API.csproj", "{DC442B2D-F7CE-4E1F-93F9-84E5C76DAC2A}"
EndProject
Global
	GlobalSection(SolutionConfigurationPlatforms) = preSolution
		Debug|Any CPU = Debug|Any CPU
		Release|Any CPU = Release|Any CPU
	EndGlobalSection
	GlobalSection(ProjectConfigurationPlatforms) = postSolution
		{21CEBF68-74AD-4137-8560-85065449F67A}.Debug|Any CPU.ActiveCfg = Debug|Any CPU
		{21CEBF68-74AD-4137-8560-85065449F67A}.Debug|Any CPU.Build.0 = Debug|Any CPU
		{21CEBF68-74AD-4137-8560-85065449F67A}.Release|Any CPU.ActiveCfg = Release|Any CPU
		{21CEBF68-74AD-4137-8560-85065449F67A}.Release|Any CPU.Build.0 = Release|Any CPU
		{74B063B2-D395-40C8-9CF4-870E3D7B0333}.Debug|Any CPU.ActiveCfg = Debug|Any CPU
		{74B063B2-D395-40C8-9CF4-870E3D7B0333}.Debug|Any CPU.Build.0 = Debug|Any CPU
		{74B063B2-D395-40C8-9CF4-870E3D7B0333}.Release|Any CPU.ActiveCfg = Release|Any CPU
		{74B063B2-D395-40C8-9CF4-870E3D7B0333}.Release|Any CPU.Build.0 = Release|Any CPU
		{9077E95F-B344-4CD5-98B5-86F63D266C2B}.Debug|Any CPU.ActiveCfg = Debug|Any CPU
		{9077E95F-B344-4CD5-98B5-86F63D266C2B}.Debug|Any CPU.Build.0 = Debug|Any CPU
		{9077E95F-B344-4CD5-98B5-86F63D266C2B}.Release|Any CPU.ActiveCfg = Release|Any CPU
		{9077E95F-B344-4CD5-98B5-86F63D266C2B}.Release|Any CPU.Build.0 = Release|Any CPU
		{DC442B2D-F7CE-4E1F-93F9-84E5C76DAC2A}.Debug|Any CPU.ActiveCfg = Debug|Any CPU
		{DC442B2D-F7CE-4E1F-93F9-84E5C76DAC2A}.Debug|Any CPU.Build.0 = Debug|Any CPU
		{DC442B2D-F7CE-4E1F-93F9-84E5C76DAC2A}.Release|Any CPU.ActiveCfg = Release|Any CPU
		{DC442B2D-F7CE-4E1F-93F9-84E5C76DAC2A}.Release|Any CPU.Build.0 = Release|Any CPU
		{57A5F84C-DEAB-4515-B50F-8121ABD6C313}.Debug|Any CPU.ActiveCfg = Debug|Any CPU
		{57A5F84C-DEAB-4515-B50F-8121ABD6C313}.Debug|Any CPU.Build.0 = Debug|Any CPU
		{57A5F84C-DEAB-4515-B50F-8121ABD6C313}.Release|Any CPU.ActiveCfg = Release|Any CPU
		{57A5F84C-DEAB-4515-B50F-8121ABD6C313}.Release|Any CPU.Build.0 = Release|Any CPU
	EndGlobalSection
	GlobalSection(SolutionProperties) = preSolution
		HideSolutionNode = FALSE
	EndGlobalSection
	GlobalSection(NestedProjects) = preSolution
		{9EEAEC94-F8EC-4D43-8F06-94CE658BC7F3} = {02EA681E-C7D8-13C7-8484-4AC65E1B71E8}
		{E473B2AB-3087-4E0F-A06C-A449B51BFB01} = {02EA681E-C7D8-13C7-8484-4AC65E1B71E8}
		{2BCC44E3-F70A-4590-B71E-9BB6AC9700E0} = {02EA681E-C7D8-13C7-8484-4AC65E1B71E8}
		{B3E931FE-4D78-478A-A55A-E35BD6157AB4} = {02EA681E-C7D8-13C7-8484-4AC65E1B71E8}
		{106C67C5-CD80-4DA4-BE3A-73C7B77B513B} = {02EA681E-C7D8-13C7-8484-4AC65E1B71E8}
		{21CEBF68-74AD-4137-8560-85065449F67A} = {B3E931FE-4D78-478A-A55A-E35BD6157AB4}
		{74B063B2-D395-40C8-9CF4-870E3D7B0333} = {2BCC44E3-F70A-4590-B71E-9BB6AC9700E0}
		{9077E95F-B344-4CD5-98B5-86F63D266C2B} = {E473B2AB-3087-4E0F-A06C-A449B51BFB01}
		{DC442B2D-F7CE-4E1F-93F9-84E5C76DAC2A} = {9EEAEC94-F8EC-4D43-8F06-94CE658BC7F3}
		{57A5F84C-DEAB-4515-B50F-8121ABD6C313} = {106C67C5-CD80-4DA4-BE3A-73C7B77B513B}
	EndGlobalSection
	GlobalSection(ExtensibilityGlobals) = postSolution
		SolutionGuid = {AB7A0226-BE52-440C-A8AA-4C51BC1AFEB9}
	EndGlobalSection
EndGlobal
